PODS:
  - Flutter (1.0.0)
  - volume_watcher (0.0.1):
    - Flutter

DEPENDENCIES:
  - Flutter (from `Flutter`)
  - volume_watcher (from `.symlinks/plugins/volume_watcher/ios`)

EXTERNAL SOURCES:
  Flutter:
    :path: Flutter
  volume_watcher:
    :path: ".symlinks/plugins/volume_watcher/ios"

SPEC CHECKSUMS:
  Flutter: 0e3d915762c693b495b44d77113d4970485de6ec
  volume_watcher: 2f6fd21a69a6e3b4d1c199e28ba0c68f01327332

PODFILE CHECKSUM: f32fb4e7c14f8b3ca19a369d7be425dd9241af27

COCOAPODS: 1.9.3
